
Microsoft Visual Studio Solution File, Format Version 12.00
# Visual Studio Version 17
VisualStudioVersion = 17.4.33205.214
MinimumVisualStudioVersion = 10.0.40219.1
Project("{9A19103F-16F7-4668-BE54-9A1E7A4F7556}") = "PassaIngressos_WebAPI", "PassaIngressos_WebAPI.csproj", "{70C8F931-E2CA-4EF8-8DEF-4C55775AA1EB}"
EndProject
Project("{FAE04EC0-301F-11D3-BF4B-00C04F79EFBC}") = "PassaIngressos_WebAPI.Tests", "..\PassaIngressos_WebAPI.Tests\PassaIngressos_WebAPI.Tests.csproj", "{D20F41BE-8EBC-4722-9F3D-05F6623D01F4}"
EndProject
Global
	GlobalSection(SolutionConfigurationPlatforms) = preSolution
		Debug|Any CPU = Debug|Any CPU
		Release|Any CPU = Release|Any CPU
	EndGlobalSection
	GlobalSection(ProjectConfigurationPlatforms) = postSolution
		{70C8F931-E2CA-4EF8-8DEF-4C55775AA1EB}.Debug|Any CPU.ActiveCfg = Debug|Any CPU
		{70C8F931-E2CA-4EF8-8DEF-4C55775AA1EB}.Debug|Any CPU.Build.0 = Debug|Any CPU
		{70C8F931-E2CA-4EF8-8DEF-4C55775AA1EB}.Release|Any CPU.ActiveCfg = Release|Any CPU
		{70C8F931-E2CA-4EF8-8DEF-4C55775AA1EB}.Release|Any CPU.Build.0 = Release|Any CPU
		{D20F41BE-8EBC-4722-9F3D-05F6623D01F4}.Debug|Any CPU.ActiveCfg = Debug|Any CPU
		{D20F41BE-8EBC-4722-9F3D-05F6623D01F4}.Debug|Any CPU.Build.0 = Debug|Any CPU
		{D20F41BE-8EBC-4722-9F3D-05F6623D01F4}.Release|Any CPU.ActiveCfg = Release|Any CPU
		{D20F41BE-8EBC-4722-9F3D-05F6623D01F4}.Release|Any CPU.Build.0 = Release|Any CPU
	EndGlobalSection
	GlobalSection(SolutionProperties) = preSolution
		HideSolutionNode = FALSE
	EndGlobalSection
	GlobalSection(ExtensibilityGlobals) = postSolution
		SolutionGuid = {0DB02477-1585-4AC7-89A1-A431B690E6A2}
	EndGlobalSection
EndGlobal
